<?xml version="1.0" encoding="utf-8"?>
<Project ToolsVersion="4.0" xmlns="http://schemas.microsoft.com/developer/msbuild/2003">
  <ItemGroup>
    <Filter Include="ソース ファイル">
      <UniqueIdentifier>{4FC737F1-C7A5-4376-A066-2A32D752A2FF}</UniqueIdentifier>
      <Extensions>cpp;c;cc;cxx;def;odl;idl;hpj;bat;asm;asmx</Extensions>
    </Filter>
    <Filter Include="ヘッダー ファイル">
      <UniqueIdentifier>{93995380-89BD-4b04-88EB-625FBE52EBFB}</UniqueIdentifier>
      <Extensions>h;hh;hpp;hxx;hm;inl;inc;ipp;xsd</Extensions>
    </Filter>
    <Filter Include="リソース ファイル">
      <UniqueIdentifier>{67DA6AB6-F800-4c08-8B7A-83BB121AAD01}</UniqueIdentifier>
      <Extensions>rc;ico;cur;bmp;dlg;rc2;rct;bin;rgs;gif;jpg;jpeg;jpe;resx;tiff;tif;png;wav;mfcribbon-ms</Extensions>
    </Filter>
  </ItemGroup>
  <ItemGroup>
    <ClCompile Include="CardGame.cpp">
      <Filter>ソース ファイル</Filter>
    </ClCompile>
    <ClCompile Include="Deck.cpp">
      <Filter>ソース ファイル</Filter>
    </ClCompile>
    <ClCompile Include="CardCreateMenu.cpp">
      <Filter>ソース ファイル</Filter>
    </ClCompile>
    <ClCompile Include="CardHand.cpp">
      <Filter>ソース ファイル</Filter>
    </ClCompile>
    <ClCompile Include="DeckCreateMenu.cpp">
      <Filter>ソース ファイル</Filter>
    </ClCompile>
    <ClCompile Include="CardCreateMenu_Minion.cpp">
      <Filter>ソース ファイル</Filter>
    </ClCompile>
    <ClCompile Include="CardCreateMenu_Magic.cpp">
      <Filter>ソース ファイル</Filter>
    </ClCompile>
    <ClCompile Include="CardDisplay.cpp">
      <Filter>ソース ファイル</Filter>
    </ClCompile>
    <ClCompile Include="CardDisplay_DeckList.cpp">
      <Filter>ソース ファイル</Filter>
    </ClCompile>
  </ItemGroup>
  <ItemGroup>
    <ClInclude Include="Card.h">
      <Filter>ヘッダー ファイル</Filter>
    </ClInclude>
    <ClInclude Include="Deck.h">
      <Filter>ヘッダー ファイル</Filter>
    </ClInclude>
    <ClInclude Include="CardCreateMenu.h">
      <Filter>ヘッダー ファイル</Filter>
    </ClInclude>
    <ClInclude Include="Card_Minion.h">
      <Filter>ヘッダー ファイル</Filter>
    </ClInclude>
    <ClInclude Include="Card_Magic.h">
      <Filter>ヘッダー ファイル</Filter>
    </ClInclude>
    <ClInclude Include="CardHand.h">
      <Filter>ヘッダー ファイル</Filter>
    </ClInclude>
    <ClInclude Include="DeckCreateMenu.h">
      <Filter>ヘッダー ファイル</Filter>
    </ClInclude>
    <ClInclude Include="CardCreateMenu_Magic.h">
      <Filter>ヘッダー ファイル</Filter>
    </ClInclude>
    <ClInclude Include="CardCreateMenu_Minion.h">
      <Filter>ヘッダー ファイル</Filter>
    </ClInclude>
    <ClInclude Include="CardDisplay.h">
      <Filter>ヘッダー ファイル</Filter>
    </ClInclude>
    <ClInclude Include="CardDisplay_DeckList.h">
      <Filter>ソース ファイル</Filter>
    </ClInclude>
  </ItemGroup>
</Project>